// !$*UTF8*$!
{
	archiveVersion = 1;
	classes = {
	};
	objectVersion = 50;
	objects = {

/* Begin PBXBuildFile section */
		C56087F426550A5D00E55900 /* AppDelegate.m in Sources */ = {isa = PBXBuildFile; fileRef = C56087F326550A5D00E55900 /* AppDelegate.m */; };
		C56087F726550A5D00E55900 /* SceneDelegate.m in Sources */ = {isa = PBXBuildFile; fileRef = C56087F626550A5D00E55900 /* SceneDelegate.m */; };
		C56087FA26550A5D00E55900 /* ViewController.m in Sources */ = {isa = PBXBuildFile; fileRef = C56087F926550A5D00E55900 /* ViewController.m */; };
		C56087FD26550A5D00E55900 /* Main.storyboard in Resources */ = {isa = PBXBuildFile; fileRef = C56087FB26550A5D00E55900 /* Main.storyboard */; };
		C56087FF26550A5F00E55900 /* Assets.xcassets in Resources */ = {isa = PBXBuildFile; fileRef = C56087FE26550A5F00E55900 /* Assets.xcassets */; };
		C560880226550A5F00E55900 /* LaunchScreen.storyboard in Resources */ = {isa = PBXBuildFile; fileRef = C560880026550A5F00E55900 /* LaunchScreen.storyboard */; };
		C560880526550A5F00E55900 /* main.m in Sources */ = {isa = PBXBuildFile; fileRef = C560880426550A5F00E55900 /* main.m */; };
		C560880F26550A5F00E55900 /* Custom_KVOTests.m in Sources */ = {isa = PBXBuildFile; fileRef = C560880E26550A5F00E55900 /* Custom_KVOTests.m */; };
		C560881A26550A5F00E55900 /* Custom_KVOUITests.m in Sources */ = {isa = PBXBuildFile; fileRef = C560881926550A5F00E55900 /* Custom_KVOUITests.m */; };
/* End PBXBuildFile section */

/* Begin PBXContainerItemProxy section */
		C560880B26550A5F00E55900 /* PBXContainerItemProxy */ = {
			isa = PBXContainerItemProxy;
			containerPortal = C56087E726550A5D00E55900 /* Project object */;
			proxyType = 1;
			remoteGlobalIDString = C56087EE26550A5D00E55900;
			remoteInfo = Custom_KVO;
		};
		C560881626550A5F00E55900 /* PBXContainerItemProxy */ = {
			isa = PBXContainerItemProxy;
			containerPortal = C56087E726550A5D00E55900 /* Project object */;
			proxyType = 1;
			remoteGlobalIDString = C56087EE26550A5D00E55900;
			remoteInfo = Custom_KVO;
		};
/* End PBXContainerItemProxy section */

/* Begin PBXFileReference section */
		C56087EF26550A5D00E55900 /* Custom_KVO.app */ = {isa = PBXFileReference; explicitFileType = wrapper.application; includeInIndex = 0; path = Custom_KVO.app; sourceTree = BUILT_PRODUCTS_DIR; };
		C56087F226550A5D00E55900 /* AppDelegate.h */ = {isa = PBXFileReference; lastKnownFileType = sourcecode.c.h; path = AppDelegate.h; sourceTree = "<group>"; };
		C56087F326550A5D00E55900 /* AppDelegate.m */ = {isa = PBXFileReference; lastKnownFileType = sourcecode.c.objc; path = AppDelegate.m; sourceTree = "<group>"; };
		C56087F526550A5D00E55900 /* SceneDelegate.h */ = {isa = PBXFileReference; lastKnownFileType = sourcecode.c.h; path = SceneDelegate.h; sourceTree = "<group>"; };
		C56087F626550A5D00E55900 /* SceneDelegate.m */ = {isa = PBXFileReference; lastKnownFileType = sourcecode.c.objc; path = SceneDelegate.m; sourceTree = "<group>"; };
		C56087F826550A5D00E55900 /* ViewController.h */ = {isa = PBXFileReference; lastKnownFileType = sourcecode.c.h; path = ViewController.h; sourceTree = "<group>"; };
		C56087F926550A5D00E55900 /* ViewController.m */ = {isa = PBXFileReference; lastKnownFileType = sourcecode.c.objc; path = ViewController.m; sourceTree = "<group>"; };
		C56087FC26550A5D00E55900 /* Base */ = {isa = PBXFileReference; lastKnownFileType = file.storyboard; name = Base; path = Base.lproj/Main.storyboard; sourceTree = "<group>"; };
		C56087FE26550A5F00E55900 /* Assets.xcassets */ = {isa = PBXFileReference; lastKnownFileType = folder.assetcatalog; path = Assets.xcassets; sourceTree = "<group>"; };
		C560880126550A5F00E55900 /* Base */ = {isa = PBXFileReference; lastKnownFileType = file.storyboard; name = Base; path = Base.lproj/LaunchScreen.storyboard; sourceTree = "<group>"; };
		C560880326550A5F00E55900 /* Info.plist */ = {isa = PBXFileReference; lastKnownFileType = text.plist.xml; path = Info.plist; sourceTree = "<group>"; };
		C560880426550A5F00E55900 /* main.m */ = {isa = PBXFileReference; lastKnownFileType = sourcecode.c.objc; path = main.m; sourceTree = "<group>"; };
		C560880A26550A5F00E55900 /* Custom_KVOTests.xctest */ = {isa = PBXFileReference; explicitFileType = wrapper.cfbundle; includeInIndex = 0; path = Custom_KVOTests.xctest; sourceTree = BUILT_PRODUCTS_DIR; };
		C560880E26550A5F00E55900 /* Custom_KVOTests.m */ = {isa = PBXFileReference; lastKnownFileType = sourcecode.c.objc; path = Custom_KVOTests.m; sourceTree = "<group>"; };
		C560881026550A5F00E55900 /* Info.plist */ = {isa = PBXFileReference; lastKnownFileType = text.plist.xml; path = Info.plist; sourceTree = "<group>"; };
		C560881526550A5F00E55900 /* Custom_KVOUITests.xctest */ = {isa = PBXFileReference; explicitFileType = wrapper.cfbundle; includeInIndex = 0; path = Custom_KVOUITests.xctest; sourceTree = BUILT_PRODUCTS_DIR; };
		C560881926550A5F00E55900 /* Custom_KVOUITests.m */ = {isa = PBXFileReference; lastKnownFileType = sourcecode.c.objc; path = Custom_KVOUITests.m; sourceTree = "<group>"; };
		C560881B26550A5F00E55900 /* Info.plist */ = {isa = PBXFileReference; lastKnownFileType = text.plist.xml; path = Info.plist; sourceTree = "<group>"; };
/* End PBXFileReference section */

/* Begin PBXFrameworksBuildPhase section */
		C56087EC26550A5D00E55900 /* Frameworks */ = {
			isa = PBXFrameworksBuildPhase;
			buildActionMask = 2147483647;
			files = (
			);
			runOnlyForDeploymentPostprocessing = 0;
		};
		C560880726550A5F00E55900 /* Frameworks */ = {
			isa = PBXFrameworksBuildPhase;
			buildActionMask = 2147483647;
			files = (
			);
			runOnlyForDeploymentPostprocessing = 0;
		};
		C560881226550A5F00E55900 /* Frameworks */ = {
			isa = PBXFrameworksBuildPhase;
			buildActionMask = 2147483647;
			files = (
			);
			runOnlyForDeploymentPostprocessing = 0;
		};
/* End PBXFrameworksBuildPhase section */

/* Begin PBXGroup section */
		C56087E626550A5D00E55900 = {
			isa = PBXGroup;
			children = (
				C56087F126550A5D00E55900 /* Custom_KVO */,
				C560880D26550A5F00E55900 /* Custom_KVOTests */,
				C560881826550A5F00E55900 /* Custom_KVOUITests */,
				C56087F026550A5D00E55900 /* Products */,
			);
			sourceTree = "<group>";
		};
		C56087F026550A5D00E55900 /* Products */ = {
			isa = PBXGroup;
			children = (
				C56087EF26550A5D00E55900 /* Custom_KVO.app */,
				C560880A26550A5F00E55900 /* Custom_KVOTests.xctest */,
				C560881526550A5F00E55900 /* Custom_KVOUITests.xctest */,
			);
			name = Products;
			sourceTree = "<group>";
		};
		C56087F126550A5D00E55900 /* Custom_KVO */ = {
			isa = PBXGroup;
			children = (
				C56087F226550A5D00E55900 /* AppDelegate.h */,
				C56087F326550A5D00E55900 /* AppDelegate.m */,
				C56087F526550A5D00E55900 /* SceneDelegate.h */,
				C56087F626550A5D00E55900 /* SceneDelegate.m */,
				C56087F826550A5D00E55900 /* ViewController.h */,
				C56087F926550A5D00E55900 /* ViewController.m */,
				C56087FB26550A5D00E55900 /* Main.storyboard */,
				C56087FE26550A5F00E55900 /* Assets.xcassets */,
				C560880026550A5F00E55900 /* LaunchScreen.storyboard */,
				C560880326550A5F00E55900 /* Info.plist */,
				C560880426550A5F00E55900 /* main.m */,
			);
			path = Custom_KVO;
			sourceTree = "<group>";
		};
		C560880D26550A5F00E55900 /* Custom_KVOTests */ = {
			isa = PBXGroup;
			children = (
				C560880E26550A5F00E55900 /* Custom_KVOTests.m */,
				C560881026550A5F00E55900 /* Info.plist */,
			);
			path = Custom_KVOTests;
			sourceTree = "<group>";
		};
		C560881826550A5F00E55900 /* Custom_KVOUITests */ = {
			isa = PBXGroup;
			children = (
				C560881926550A5F00E55900 /* Custom_KVOUITests.m */,
				C560881B26550A5F00E55900 /* Info.plist */,
			);
			path = Custom_KVOUITests;
			sourceTree = "<group>";
		};
/* End PBXGroup section */

/* Begin PBXNativeTarget section */
		C56087EE26550A5D00E55900 /* Custom_KVO */ = {
			isa = PBXNativeTarget;
			buildConfigurationList = C560881E26550A5F00E55900 /* Build configuration list for PBXNativeTarget "Custom_KVO" */;
			buildPhases = (
				C56087EB26550A5D00E55900 /* Sources */,
				C56087EC26550A5D00E55900 /* Frameworks */,
				C56087ED26550A5D00E55900 /* Resources */,
			);
			buildRules = (
			);
			dependencies = (
			);
			name = Custom_KVO;
			productName = Custom_KVO;
			productReference = C56087EF26550A5D00E55900 /* Custom_KVO.app */;
			productType = "com.apple.product-type.application";
		};
		C560880926550A5F00E55900 /* Custom_KVOTests */ = {
			isa = PBXNativeTarget;
			buildConfigurationList = C560882126550A5F00E55900 /* Build configuration list for PBXNativeTarget "Custom_KVOTests" */;
			buildPhases = (
				C560880626550A5F00E55900 /* Sources */,
				C560880726550A5F00E55900 /* Frameworks */,
				C560880826550A5F00E55900 /* Resources */,
			);
			buildRules = (
			);
			dependencies = (
				C560880C26550A5F00E55900 /* PBXTargetDependency */,
			);
			name = Custom_KVOTests;
			productName = Custom_KVOTests;
			productReference = C560880A26550A5F00E55900 /* Custom_KVOTests.xctest */;
			productType = "com.apple.product-type.bundle.unit-test";
		};
		C560881426550A5F00E55900 /* Custom_KVOUITests */ = {
			isa = PBXNativeTarget;
			buildConfigurationList = C560882426550A5F00E55900 /* Build configuration list for PBXNativeTarget "Custom_KVOUITests" */;
			buildPhases = (
				C560881126550A5F00E55900 /* Sources */,
				C560881226550A5F00E55900 /* Frameworks */,
				C560881326550A5F00E55900 /* Resources */,
			);
			buildRules = (
			);
			dependencies = (
				C560881726550A5F00E55900 /* PBXTargetDependency */,
			);
			name = Custom_KVOUITests;
			productName = Custom_KVOUITests;
			productReference = C560881526550A5F00E55900 /* Custom_KVOUITests.xctest */;
			productType = "com.apple.product-type.bundle.ui-testing";
		};
/* End PBXNativeTarget section */

/* Begin PBXProject section */
		C56087E726550A5D00E55900 /* Project object */ = {
			isa = PBXProject;
			attributes = {
				LastUpgradeCheck = 1250;
				TargetAttributes = {
					C56087EE26550A5D00E55900 = {
						CreatedOnToolsVersion = 12.5;
					};
					C560880926550A5F00E55900 = {
						CreatedOnToolsVersion = 12.5;
						TestTargetID = C56087EE26550A5D00E55900;
					};
					C560881426550A5F00E55900 = {
						CreatedOnToolsVersion = 12.5;
						TestTargetID = C56087EE26550A5D00E55900;
					};
				};
			};
			buildConfigurationList = C56087EA26550A5D00E55900 /* Build configuration list for PBXProject "Custom_KVO" */;
			compatibilityVersion = "Xcode 9.3";
			developmentRegion = en;
			hasScannedForEncodings = 0;
			knownRegions = (
				en,
				Base,
			);
			mainGroup = C56087E626550A5D00E55900;
			productRefGroup = C56087F026550A5D00E55900 /* Products */;
			projectDirPath = "";
			projectRoot = "";
			targets = (
				C56087EE26550A5D00E55900 /* Custom_KVO */,
				C560880926550A5F00E55900 /* Custom_KVOTests */,
				C560881426550A5F00E55900 /* Custom_KVOUITests */,
			);
		};
/* End PBXProject section */

/* Begin PBXResourcesBuildPhase section */
		C56087ED26550A5D00E55900 /* Resources */ = {
			isa = PBXResourcesBuildPhase;
			buildActionMask = 2147483647;
			files = (
				C560880226550A5F00E55900 /* LaunchScreen.storyboard in Resources */,
				C56087FF26550A5F00E55900 /* Assets.xcassets in Resources */,
				C56087FD26550A5D00E55900 /* Main.storyboard in Resources */,
			);
			runOnlyForDeploymentPostprocessing = 0;
		};
		C560880826550A5F00E55900 /* Resources */ = {
			isa = PBXResourcesBuildPhase;
			buildActionMask = 2147483647;
			files = (
			);
			runOnlyForDeploymentPostprocessing = 0;
		};
		C560881326550A5F00E55900 /* Resources */ = {
			isa = PBXResourcesBuildPhase;
			buildActionMask = 2147483647;
			files = (
			);
			runOnlyForDeploymentPostprocessing = 0;
		};
/* End PBXResourcesBuildPhase section */

/* Begin PBXSourcesBuildPhase section */
		C56087EB26550A5D00E55900 /* Sources */ = {
			isa = PBXSourcesBuildPhase;
			buildActionMask = 2147483647;
			files = (
				C56087FA26550A5D00E55900 /* ViewController.m in Sources */,
				C56087F426550A5D00E55900 /* AppDelegate.m in Sources */,
				C560880526550A5F00E55900 /* main.m in Sources */,
				C56087F726550A5D00E55900 /* SceneDelegate.m in Sources */,
			);
			runOnlyForDeploymentPostprocessing = 0;
		};
		C560880626550A5F00E55900 /* Sources */ = {
			isa = PBXSourcesBuildPhase;
			buildActionMask = 2147483647;
			files = (
				C560880F26550A5F00E55900 /* Custom_KVOTests.m in Sources */,
			);
			runOnlyForDeploymentPostprocessing = 0;
		};
		C560881126550A5F00E55900 /* Sources */ = {
			isa = PBXSourcesBuildPhase;
			buildActionMask = 2147483647;
			files = (
				C560881A26550A5F00E55900 /* Custom_KVOUITests.m in Sources */,
			);
			runOnlyForDeploymentPostprocessing = 0;
		};
/* End PBXSourcesBuildPhase section */

/* Begin PBXTargetDependency section */
		C560880C26550A5F00E55900 /* PBXTargetDependency */ = {
			isa = PBXTargetDependency;
			target = C56087EE26550A5D00E55900 /* Custom_KVO */;
			targetProxy = C560880B26550A5F00E55900 /* PBXContainerItemProxy */;
		};
		C560881726550A5F00E55900 /* PBXTargetDependency */ = {
			isa = PBXTargetDependency;
			target = C56087EE26550A5D00E55900 /* Custom_KVO */;
			targetProxy = C560881626550A5F00E55900 /* PBXContainerItemProxy */;
		};
/* End PBXTargetDependency section */

/* Begin PBXVariantGroup section */
		C56087FB26550A5D00E55900 /* Main.storyboard */ = {
			isa = PBXVariantGroup;
			children = (
				C56087FC26550A5D00E55900 /* Base */,
			);
			name = Main.storyboard;
			sourceTree = "<group>";
		};
		C560880026550A5F00E55900 /* LaunchScreen.storyboard */ = {
			isa = PBXVariantGroup;
			children = (
				C560880126550A5F00E55900 /* Base */,
			);
			name = LaunchScreen.storyboard;
			sourceTree = "<group>";
		};
/* End PBXVariantGroup section */

/* Begin XCBuildConfiguration section */
		C560881C26550A5F00E55900 /* Debug */ = {
			isa = XCBuildConfiguration;
			buildSettings = {
				ALWAYS_SEARCH_USER_PATHS = NO;
				CLANG_ANALYZER_NONNULL = YES;
				CLANG_ANALYZER_NUMBER_OBJECT_CONVERSION = YES_AGGRESSIVE;
				CLANG_CXX_LANGUAGE_STANDARD = "gnu++14";
				CLANG_CXX_LIBRARY = "libc++";
				CLANG_ENABLE_MODULES = YES;
				CLANG_ENABLE_OBJC_ARC = YES;
				CLANG_ENABLE_OBJC_WEAK = YES;
				CLANG_WARN_BLOCK_CAPTURE_AUTORELEASING = YES;
				CLANG_WARN_BOOL_CONVERSION = YES;
				CLANG_WARN_COMMA = YES;
				CLANG_WARN_CONSTANT_CONVERSION = YES;
				CLANG_WARN_DEPRECATED_OBJC_IMPLEMENTATIONS = YES;
				CLANG_WARN_DIRECT_OBJC_ISA_USAGE = YES_ERROR;
				CLANG_WARN_DOCUMENTATION_COMMENTS = YES;
				CLANG_WARN_EMPTY_BODY = YES;
				CLANG_WARN_ENUM_CONVERSION = YES;
				CLANG_WARN_INFINITE_RECURSION = YES;
				CLANG_WARN_INT_CONVERSION = YES;
				CLANG_WARN_NON_LITERAL_NULL_CONVERSION = YES;
				CLANG_WARN_OBJC_IMPLICIT_RETAIN_SELF = YES;
				CLANG_WARN_OBJC_LITERAL_CONVERSION = YES;
				CLANG_WARN_OBJC_ROOT_CLASS = YES_ERROR;
				CLANG_WARN_QUOTED_INCLUDE_IN_FRAMEWORK_HEADER = YES;
				CLANG_WARN_RANGE_LOOP_ANALYSIS = YES;
				CLANG_WARN_STRICT_PROTOTYPES = YES;
				CLANG_WARN_SUSPICIOUS_MOVE = YES;
				CLANG_WARN_UNGUARDED_AVAILABILITY = YES_AGGRESSIVE;
				CLANG_WARN_UNREACHABLE_CODE = YES;
				CLANG_WARN__DUPLICATE_METHOD_MATCH = YES;
				COPY_PHASE_STRIP = NO;
				DEBUG_INFORMATION_FORMAT = dwarf;
				ENABLE_STRICT_OBJC_MSGSEND = YES;
				ENABLE_TESTABILITY = YES;
				GCC_C_LANGUAGE_STANDARD = gnu11;
				GCC_DYNAMIC_NO_PIC = NO;
				GCC_NO_COMMON_BLOCKS = YES;
				GCC_OPTIMIZATION_LEVEL = 0;
				GCC_PREPROCESSOR_DEFINITIONS = (
					"DEBUG=1",
					"$(inherited)",
				);
				GCC_WARN_64_TO_32_BIT_CONVERSION = YES;
				GCC_WARN_ABOUT_RETURN_TYPE = YES_ERROR;
				GCC_WARN_UNDECLARED_SELECTOR = YES;
				GCC_WARN_UNINITIALIZED_AUTOS = YES_AGGRESSIVE;
				GCC_WARN_UNUSED_FUNCTION = YES;
				GCC_WARN_UNUSED_VARIABLE = YES;
				IPHONEOS_DEPLOYMENT_TARGET = 14.5;
				MTL_ENABLE_DEBUG_INFO = INCLUDE_SOURCE;
				MTL_FAST_MATH = YES;
				ONLY_ACTIVE_ARCH = YES;
				SDKROOT = iphoneos;
			};
			name = Debug;
		};
		C560881D26550A5F00E55900 /* Release */ = {
			isa = XCBuildConfiguration;
			buildSettings = {
				ALWAYS_SEARCH_USER_PATHS = NO;
				CLANG_ANALYZER_NONNULL = YES;
				CLANG_ANALYZER_NUMBER_OBJECT_CONVERSION = YES_AGGRESSIVE;
				CLANG_CXX_LANGUAGE_STANDARD = "gnu++14";
				CLANG_CXX_LIBRARY = "libc++";
				CLANG_ENABLE_MODULES = YES;
				CLANG_ENABLE_OBJC_ARC = YES;
				CLANG_ENABLE_OBJC_WEAK = YES;
				CLANG_WARN_BLOCK_CAPTURE_AUTORELEASING = YES;
				CLANG_WARN_BOOL_CONVERSION = YES;
				CLANG_WARN_COMMA = YES;
				CLANG_WARN_CONSTANT_CONVERSION = YES;
				CLANG_WARN_DEPRECATED_OBJC_IMPLEMENTATIONS = YES;
				CLANG_WARN_DIRECT_OBJC_ISA_USAGE = YES_ERROR;
				CLANG_WARN_DOCUMENTATION_COMMENTS = YES;
				CLANG_WARN_EMPTY_BODY = YES;
				CLANG_WARN_ENUM_CONVERSION = YES;
				CLANG_WARN_INFINITE_RECURSION = YES;
				CLANG_WARN_INT_CONVERSION = YES;
				CLANG_WARN_NON_LITERAL_NULL_CONVERSION = YES;
				CLANG_WARN_OBJC_IMPLICIT_RETAIN_SELF = YES;
				CLANG_WARN_OBJC_LITERAL_CONVERSION = YES;
				CLANG_WARN_OBJC_ROOT_CLASS = YES_ERROR;
				CLANG_WARN_QUOTED_INCLUDE_IN_FRAMEWORK_HEADER = YES;
				CLANG_WARN_RANGE_LOOP_ANALYSIS = YES;
				CLANG_WARN_STRICT_PROTOTYPES = YES;
				CLANG_WARN_SUSPICIOUS_MOVE = YES;
				CLANG_WARN_UNGUARDED_AVAILABILITY = YES_AGGRESSIVE;
				CLANG_WARN_UNREACHABLE_CODE = YES;
				CLANG_WARN__DUPLICATE_METHOD_MATCH = YES;
				COPY_PHASE_STRIP = NO;
				DEBUG_INFORMATION_FORMAT = "dwarf-with-dsym";
				ENABLE_NS_ASSERTIONS = NO;
				ENABLE_STRICT_OBJC_MSGSEND = YES;
				GCC_C_LANGUAGE_STANDARD = gnu11;
				GCC_NO_COMMON_BLOCKS = YES;
				GCC_WARN_64_TO_32_BIT_CONVERSION = YES;
				GCC_WARN_ABOUT_RETURN_TYPE = YES_ERROR;
				GCC_WARN_UNDECLARED_SELECTOR = YES;
				GCC_WARN_UNINITIALIZED_AUTOS = YES_AGGRESSIVE;
				GCC_WARN_UNUSED_FUNCTION = YES;
				GCC_WARN_UNUSED_VARIABLE = YES;
				IPHONEOS_DEPLOYMENT_TARGET = 14.5;
				MTL_ENABLE_DEBUG_INFO = NO;
				MTL_FAST_MATH = YES;
				SDKROOT = iphoneos;
				VALIDATE_PRODUCT = YES;
			};
			name = Release;
		};
		C560881F26550A5F00E55900 /* Debug */ = {
			isa = XCBuildConfiguration;
			buildSettings = {
				ASSETCATALOG_COMPILER_APPICON_NAME = AppIcon;
				ASSETCATALOG_COMPILER_GLOBAL_ACCENT_COLOR_NAME = AccentColor;
				CODE_SIGN_STYLE = Automatic;
				INFOPLIST_FILE = Custom_KVO/Info.plist;
				LD_RUNPATH_SEARCH_PATHS = (
					"$(inherited)",
					"@executable_path/Frameworks",
				);
				PRODUCT_BUNDLE_IDENTIFIER = "chao.Custom-KVO";
				PRODUCT_NAME = "$(TARGET_NAME)";
				TARGETED_DEVICE_FAMILY = "1,2";
			};
			name = Debug;
		};
		C560882026550A5F00E55900 /* Release */ = {
			isa = XCBuildConfiguration;
			buildSettings = {
				ASSETCATALOG_COMPILER_APPICON_NAME = AppIcon;
				ASSETCATALOG_COMPILER_GLOBAL_ACCENT_COLOR_NAME = AccentColor;
				CODE_SIGN_STYLE = Automatic;
				INFOPLIST_FILE = Custom_KVO/Info.plist;
				LD_RUNPATH_SEARCH_PATHS = (
					"$(inherited)",
					"@executable_path/Frameworks",
				);
				PRODUCT_BUNDLE_IDENTIFIER = "chao.Custom-KVO";
				PRODUCT_NAME = "$(TARGET_NAME)";
				TARGETED_DEVICE_FAMILY = "1,2";
			};
			name = Release;
		};
		C560882226550A5F00E55900 /* Debug */ = {
			isa = XCBuildConfiguration;
			buildSettings = {
				BUNDLE_LOADER = "$(TEST_HOST)";
				CODE_SIGN_STYLE = Automatic;
				INFOPLIST_FILE = Custom_KVOTests/Info.plist;
				IPHONEOS_DEPLOYMENT_TARGET = 14.5;
				LD_RUNPATH_SEARCH_PATHS = (
					"$(inherited)",
					"@executable_path/Frameworks",
					"@loader_path/Frameworks",
				);
				PRODUCT_BUNDLE_IDENTIFIER = "chao.Custom-KVOTests";
				PRODUCT_NAME = "$(TARGET_NAME)";
				TARGETED_DEVICE_FAMILY = "1,2";
				TEST_HOST = "$(BUILT_PRODUCTS_DIR)/Custom_KVO.app/Custom_KVO";
			};
			name = Debug;
		};
		C560882326550A5F00E55900 /* Release */ = {
			isa = XCBuildConfiguration;
			buildSettings = {
				BUNDLE_LOADER = "$(TEST_HOST)";
				CODE_SIGN_STYLE = Automatic;
				INFOPLIST_FILE = Custom_KVOTests/Info.plist;
				IPHONEOS_DEPLOYMENT_TARGET = 14.5;
				LD_RUNPATH_SEARCH_PATHS = (
					"$(inherited)",
					"@executable_path/Frameworks",
					"@loader_path/Frameworks",
				);
				PRODUCT_BUNDLE_IDENTIFIER = "chao.Custom-KVOTests";
				PRODUCT_NAME = "$(TARGET_NAME)";
				TARGETED_DEVICE_FAMILY = "1,2";
				TEST_HOST = "$(BUILT_PRODUCTS_DIR)/Custom_KVO.app/Custom_KVO";
			};
			name = Release;
		};
		C560882526550A5F00E55900 /* Debug */ = {
			isa = XCBuildConfiguration;
			buildSettings = {
				CODE_SIGN_STYLE = Automatic;
				INFOPLIST_FILE = Custom_KVOUITests/Info.plist;
				LD_RUNPATH_SEARCH_PATHS = (
					"$(inherited)",
					"@executable_path/Frameworks",
					"@loader_path/Frameworks",
				);
				PRODUCT_BUNDLE_IDENTIFIER = "chao.Custom-KVOUITests";
				PRODUCT_NAME = "$(TARGET_NAME)";
				TARGETED_DEVICE_FAMILY = "1,2";
				TEST_TARGET_NAME = Custom_KVO;
			};
			name = Debug;
		};
		C560882626550A5F00E55900 /* Release */ = {
			isa = XCBuildConfiguration;
			buildSettings = {
				CODE_SIGN_STYLE = Automatic;
				INFOPLIST_FILE = Custom_KVOUITests/Info.plist;
				LD_RUNPATH_SEARCH_PATHS = (
					"$(inherited)",
					"@executable_path/Frameworks",
					"@loader_path/Frameworks",
				);
				PRODUCT_BUNDLE_IDENTIFIER = "chao.Custom-KVOUITests";
				PRODUCT_NAME = "$(TARGET_NAME)";
				TARGETED_DEVICE_FAMILY = "1,2";
				TEST_TARGET_NAME = Custom_KVO;
			};
			name = Release;
		};
/* End XCBuildConfiguration section */

/* Begin XCConfigurationList section */
		C56087EA26550A5D00E55900 /* Build configuration list for PBXProject "Custom_KVO" */ = {
			isa = XCConfigurationList;
			buildConfigurations = (
				C560881C26550A5F00E55900 /* Debug */,
				C560881D26550A5F00E55900 /* Release */,
			);
			defaultConfigurationIsVisible = 0;
			defaultConfigurationName = Release;
		};
		C560881E26550A5F00E55900 /* Build configuration list for PBXNativeTarget "Custom_KVO" */ = {
			isa = XCConfigurationList;
			buildConfigurations = (
				C560881F26550A5F00E55900 /* Debug */,
				C560882026550A5F00E55900 /* Release */,
			);
			defaultConfigurationIsVisible = 0;
			defaultConfigurationName = Release;
		};
		C560882126550A5F00E55900 /* Build configuration list for PBXNativeTarget "Custom_KVOTests" */ = {
			isa = XCConfigurationList;
			buildConfigurations = (
				C560882226550A5F00E55900 /* Debug */,
				C560882326550A5F00E55900 /* Release */,
			);
			defaultConfigurationIsVisible = 0;
			defaultConfigurationName = Release;
		};
		C560882426550A5F00E55900 /* Build configuration list for PBXNativeTarget "Custom_KVOUITests" */ = {
			isa = XCConfigurationList;
			buildConfigurations = (
				C560882526550A5F00E55900 /* Debug */,
				C560882626550A5F00E55900 /* Release */,
			);
			defaultConfigurationIsVisible = 0;
			defaultConfigurationName = Release;
		};
/* End XCConfigurationList section */
	};
	rootObject = C56087E726550A5D00E55900 /* Project object */;
}
